
Microsoft Visual Studio Solution File, Format Version 12.00
# Visual Studio Version 17
VisualStudioVersion = 17.0.31903.59
MinimumVisualStudioVersion = 10.0.40219.1
Project("{2150E333-8FDC-42A3-9474-1A3956D46DE8}") = "src", "src", "{827E0CD3-B72D-47B6-A68D-7590B98EB39B}"
EndProject
Project("{FAE04EC0-301F-11D3-BF4B-00C04F79EFBC}") = "Tunora.Core", "src\Tunora.Core\Tunora.Core.csproj", "{B8353D69-037F-447C-8583-AFC334736154}"
EndProject
Project("{FAE04EC0-301F-11D3-BF4B-00C04F79EFBC}") = "Tunora.Infrastructure", "src\Tunora.Infrastructure\Tunora.Infrastructure.csproj", "{1A0B947A-F29E-43A0-9DB3-8382160E1AE5}"
EndProject
Project("{FAE04EC0-301F-11D3-BF4B-00C04F79EFBC}") = "Tunora.API", "src\Tunora.API\Tunora.API.csproj", "{32C22CFB-8ABC-46C7-8493-EC3DBDCE5F22}"
EndProject
Project("{2150E333-8FDC-42A3-9474-1A3956D46DE8}") = "tests", "tests", "{0AB3BF05-4346-4AA6-1389-037BE0695223}"
EndProject
Project("{FAE04EC0-301F-11D3-BF4B-00C04F79EFBC}") = "Tunora.API.Tests", "tests\Tunora.API.Tests\Tunora.API.Tests.csproj", "{A765A730-FD8B-46B1-B9D0-491D2E845745}"
EndProject
Project("{FAE04EC0-301F-11D3-BF4B-00C04F79EFBC}") = "Tunora.Core.Tests", "tests\Tunora.Core.Tests\Tunora.Core.Tests.csproj", "{796E7D8C-F5FB-411A-918F-8F470CE075B1}"
EndProject
Global
	GlobalSection(SolutionConfigurationPlatforms) = preSolution
		Debug|Any CPU = Debug|Any CPU
		Debug|x64 = Debug|x64
		Debug|x86 = Debug|x86
		Release|Any CPU = Release|Any CPU
		Release|x64 = Release|x64
		Release|x86 = Release|x86
	EndGlobalSection
	GlobalSection(ProjectConfigurationPlatforms) = postSolution
		{B8353D69-037F-447C-8583-AFC334736154}.Debug|Any CPU.ActiveCfg = Debug|Any CPU
		{B8353D69-037F-447C-8583-AFC334736154}.Debug|Any CPU.Build.0 = Debug|Any CPU
		{B8353D69-037F-447C-8583-AFC334736154}.Debug|x64.ActiveCfg = Debug|Any CPU
		{B8353D69-037F-447C-8583-AFC334736154}.Debug|x64.Build.0 = Debug|Any CPU
		{B8353D69-037F-447C-8583-AFC334736154}.Debug|x86.ActiveCfg = Debug|Any CPU
		{B8353D69-037F-447C-8583-AFC334736154}.Debug|x86.Build.0 = Debug|Any CPU
		{B8353D69-037F-447C-8583-AFC334736154}.Release|Any CPU.ActiveCfg = Release|Any CPU
		{B8353D69-037F-447C-8583-AFC334736154}.Release|Any CPU.Build.0 = Release|Any CPU
		{B8353D69-037F-447C-8583-AFC334736154}.Release|x64.ActiveCfg = Release|Any CPU
		{B8353D69-037F-447C-8583-AFC334736154}.Release|x64.Build.0 = Release|Any CPU
		{B8353D69-037F-447C-8583-AFC334736154}.Release|x86.ActiveCfg = Release|Any CPU
		{B8353D69-037F-447C-8583-AFC334736154}.Release|x86.Build.0 = Release|Any CPU
		{1A0B947A-F29E-43A0-9DB3-8382160E1AE5}.Debug|Any CPU.ActiveCfg = Debug|Any CPU
		{1A0B947A-F29E-43A0-9DB3-8382160E1AE5}.Debug|Any CPU.Build.0 = Debug|Any CPU
		{1A0B947A-F29E-43A0-9DB3-8382160E1AE5}.Debug|x64.ActiveCfg = Debug|Any CPU
		{1A0B947A-F29E-43A0-9DB3-8382160E1AE5}.Debug|x64.Build.0 = Debug|Any CPU
		{1A0B947A-F29E-43A0-9DB3-8382160E1AE5}.Debug|x86.ActiveCfg = Debug|Any CPU
		{1A0B947A-F29E-43A0-9DB3-8382160E1AE5}.Debug|x86.Build.0 = Debug|Any CPU
		{1A0B947A-F29E-43A0-9DB3-8382160E1AE5}.Release|Any CPU.ActiveCfg = Release|Any CPU
		{1A0B947A-F29E-43A0-9DB3-8382160E1AE5}.Release|Any CPU.Build.0 = Release|Any CPU
		{1A0B947A-F29E-43A0-9DB3-8382160E1AE5}.Release|x64.ActiveCfg = Release|Any CPU
		{1A0B947A-F29E-43A0-9DB3-8382160E1AE5}.Release|x64.Build.0 = Release|Any CPU
		{1A0B947A-F29E-43A0-9DB3-8382160E1AE5}.Release|x86.ActiveCfg = Release|Any CPU
		{1A0B947A-F29E-43A0-9DB3-8382160E1AE5}.Release|x86.Build.0 = Release|Any CPU
		{32C22CFB-8ABC-46C7-8493-EC3DBDCE5F22}.Debug|Any CPU.ActiveCfg = Debug|Any CPU
		{32C22CFB-8ABC-46C7-8493-EC3DBDCE5F22}.Debug|Any CPU.Build.0 = Debug|Any CPU
		{32C22CFB-8ABC-46C7-8493-EC3DBDCE5F22}.Debug|x64.ActiveCfg = Debug|Any CPU
		{32C22CFB-8ABC-46C7-8493-EC3DBDCE5F22}.Debug|x64.Build.0 = Debug|Any CPU
		{32C22CFB-8ABC-46C7-8493-EC3DBDCE5F22}.Debug|x86.ActiveCfg = Debug|Any CPU
		{32C22CFB-8ABC-46C7-8493-EC3DBDCE5F22}.Debug|x86.Build.0 = Debug|Any CPU
		{32C22CFB-8ABC-46C7-8493-EC3DBDCE5F22}.Release|Any CPU.ActiveCfg = Release|Any CPU
		{32C22CFB-8ABC-46C7-8493-EC3DBDCE5F22}.Release|Any CPU.Build.0 = Release|Any CPU
		{32C22CFB-8ABC-46C7-8493-EC3DBDCE5F22}.Release|x64.ActiveCfg = Release|Any CPU
		{32C22CFB-8ABC-46C7-8493-EC3DBDCE5F22}.Release|x64.Build.0 = Release|Any CPU
		{32C22CFB-8ABC-46C7-8493-EC3DBDCE5F22}.Release|x86.ActiveCfg = Release|Any CPU
		{32C22CFB-8ABC-46C7-8493-EC3DBDCE5F22}.Release|x86.Build.0 = Release|Any CPU
		{A765A730-FD8B-46B1-B9D0-491D2E845745}.Debug|Any CPU.ActiveCfg = Debug|Any CPU
		{A765A730-FD8B-46B1-B9D0-491D2E845745}.Debug|Any CPU.Build.0 = Debug|Any CPU
		{A765A730-FD8B-46B1-B9D0-491D2E845745}.Debug|x64.ActiveCfg = Debug|Any CPU
		{A765A730-FD8B-46B1-B9D0-491D2E845745}.Debug|x64.Build.0 = Debug|Any CPU
		{A765A730-FD8B-46B1-B9D0-491D2E845745}.Debug|x86.ActiveCfg = Debug|Any CPU
		{A765A730-FD8B-46B1-B9D0-491D2E845745}.Debug|x86.Build.0 = Debug|Any CPU
		{A765A730-FD8B-46B1-B9D0-491D2E845745}.Release|Any CPU.ActiveCfg = Release|Any CPU
		{A765A730-FD8B-46B1-B9D0-491D2E845745}.Release|Any CPU.Build.0 = Release|Any CPU
		{A765A730-FD8B-46B1-B9D0-491D2E845745}.Release|x64.ActiveCfg = Release|Any CPU
		{A765A730-FD8B-46B1-B9D0-491D2E845745}.Release|x64.Build.0 = Release|Any CPU
		{A765A730-FD8B-46B1-B9D0-491D2E845745}.Release|x86.ActiveCfg = Release|Any CPU
		{A765A730-FD8B-46B1-B9D0-491D2E845745}.Release|x86.Build.0 = Release|Any CPU
		{796E7D8C-F5FB-411A-918F-8F470CE075B1}.Debug|Any CPU.ActiveCfg = Debug|Any CPU
		{796E7D8C-F5FB-411A-918F-8F470CE075B1}.Debug|Any CPU.Build.0 = Debug|Any CPU
		{796E7D8C-F5FB-411A-918F-8F470CE075B1}.Debug|x64.ActiveCfg = Debug|Any CPU
		{796E7D8C-F5FB-411A-918F-8F470CE075B1}.Debug|x64.Build.0 = Debug|Any CPU
		{796E7D8C-F5FB-411A-918F-8F470CE075B1}.Debug|x86.ActiveCfg = Debug|Any CPU
		{796E7D8C-F5FB-411A-918F-8F470CE075B1}.Debug|x86.Build.0 = Debug|Any CPU
		{796E7D8C-F5FB-411A-918F-8F470CE075B1}.Release|Any CPU.ActiveCfg = Release|Any CPU
		{796E7D8C-F5FB-411A-918F-8F470CE075B1}.Release|Any CPU.Build.0 = Release|Any CPU
		{796E7D8C-F5FB-411A-918F-8F470CE075B1}.Release|x64.ActiveCfg = Release|Any CPU
		{796E7D8C-F5FB-411A-918F-8F470CE075B1}.Release|x64.Build.0 = Release|Any CPU
		{796E7D8C-F5FB-411A-918F-8F470CE075B1}.Release|x86.ActiveCfg = Release|Any CPU
		{796E7D8C-F5FB-411A-918F-8F470CE075B1}.Release|x86.Build.0 = Release|Any CPU
	EndGlobalSection
	GlobalSection(SolutionProperties) = preSolution
		HideSolutionNode = FALSE
	EndGlobalSection
	GlobalSection(NestedProjects) = preSolution
		{B8353D69-037F-447C-8583-AFC334736154} = {827E0CD3-B72D-47B6-A68D-7590B98EB39B}
		{1A0B947A-F29E-43A0-9DB3-8382160E1AE5} = {827E0CD3-B72D-47B6-A68D-7590B98EB39B}
		{32C22CFB-8ABC-46C7-8493-EC3DBDCE5F22} = {827E0CD3-B72D-47B6-A68D-7590B98EB39B}
		{A765A730-FD8B-46B1-B9D0-491D2E845745} = {0AB3BF05-4346-4AA6-1389-037BE0695223}
		{796E7D8C-F5FB-411A-918F-8F470CE075B1} = {0AB3BF05-4346-4AA6-1389-037BE0695223}
	EndGlobalSection
EndGlobal
